PODS:
  - CocoaLumberjack/Core (3.8.0)
  - CocoaLumberjack/Swift (3.8.0):
    - CocoaLumberjack/Core
  - LCombineExtension (0.2.0)

DEPENDENCIES:
  - CocoaLumberjack/Swift (from `https://github.com/Creolophus/CocoaLumberjack.git`, tag `2.1.6`)
  - "LCombineExtension (from `ssh://git@gitlab-ha.immotors.com:1122/capp/iOS/l-combine-ext.git`, tag `0.2.0`)"

EXTERNAL SOURCES:
  CocoaLumberjack:
    :git: https://github.com/Creolophus/CocoaLumberjack.git
    :tag: 2.1.6
  LCombineExtension:
    :git: "ssh://git@gitlab-ha.immotors.com:1122/capp/iOS/l-combine-ext.git"
    :tag: 0.2.0

CHECKOUT OPTIONS:
  CocoaLumberjack:
    :git: https://github.com/Creolophus/CocoaLumberjack.git
    :tag: 2.1.6
  LCombineExtension:
    :git: "ssh://git@gitlab-ha.immotors.com:1122/capp/iOS/l-combine-ext.git"
    :tag: 0.2.0

SPEC CHECKSUMS:
  CocoaLumberjack: 78abfb691154e2a9df8ded4350d504ee19d90732
  LCombineExtension: 61aa8b0fb29b7d2d00f8cfe6fff5b6e258c6930e

PODFILE CHECKSUM: a21d0eded74d9a6fa24ec91e356cb686fd27635d

COCOAPODS: 1.12.1

LOCKFILE TYPE: LgPodPlugin
