// !$*UTF8*$!
{
	archiveVersion = 1;
	classes = {
	};
	objectVersion = 56;
	objects = {

/* Begin PBXBuildFile section */
		388E196E291241FC001598E0 /* AppDelegate.swift in Sources */ = {isa = PBXBuildFile; fileRef = 388E196D291241FC001598E0 /* AppDelegate.swift */; };
		388E1970291241FC001598E0 /* SceneDelegate.swift in Sources */ = {isa = PBXBuildFile; fileRef = 388E196F291241FC001598E0 /* SceneDelegate.swift */; };
		388E1972291241FC001598E0 /* ViewController.swift in Sources */ = {isa = PBXBuildFile; fileRef = 388E1971291241FC001598E0 /* ViewController.swift */; };
		388E1975291241FC001598E0 /* Main.storyboard in Resources */ = {isa = PBXBuildFile; fileRef = 388E1973291241FC001598E0 /* Main.storyboard */; };
		388E1977291241FD001598E0 /* Assets.xcassets in Resources */ = {isa = PBXBuildFile; fileRef = 388E1976291241FD001598E0 /* Assets.xcassets */; };
		388E197A291241FD001598E0 /* LaunchScreen.storyboard in Resources */ = {isa = PBXBuildFile; fileRef = 388E1978291241FD001598E0 /* LaunchScreen.storyboard */; };
		388E1985291241FD001598E0 /* CocoaPodsLocalTests.swift in Sources */ = {isa = PBXBuildFile; fileRef = 388E1984291241FD001598E0 /* CocoaPodsLocalTests.swift */; };
		388E198F291241FD001598E0 /* CocoaPodsLocalUITests.swift in Sources */ = {isa = PBXBuildFile; fileRef = 388E198E291241FD001598E0 /* CocoaPodsLocalUITests.swift */; };
		388E1991291241FD001598E0 /* CocoaPodsLocalUITestsLaunchTests.swift in Sources */ = {isa = PBXBuildFile; fileRef = 388E1990291241FD001598E0 /* CocoaPodsLocalUITestsLaunchTests.swift */; };
		9F918287BEA4B0972849E8F8 /* Pods_CocoaPodsLocal.framework in Frameworks */ = {isa = PBXBuildFile; fileRef = C9BFADB88CCCFFC2E0E30212 /* Pods_CocoaPodsLocal.framework */; };
/* End PBXBuildFile section */

/* Begin PBXContainerItemProxy section */
		388E1981291241FD001598E0 /* PBXContainerItemProxy */ = {
			isa = PBXContainerItemProxy;
			containerPortal = 388E1962291241FC001598E0 /* Project object */;
			proxyType = 1;
			remoteGlobalIDString = 388E1969291241FC001598E0;
			remoteInfo = CocoaPodsLocal;
		};
		388E198B291241FD001598E0 /* PBXContainerItemProxy */ = {
			isa = PBXContainerItemProxy;
			containerPortal = 388E1962291241FC001598E0 /* Project object */;
			proxyType = 1;
			remoteGlobalIDString = 388E1969291241FC001598E0;
			remoteInfo = CocoaPodsLocal;
		};
/* End PBXContainerItemProxy section */

/* Begin PBXFileReference section */
		35C4A7D9ECC719D6DC2822E3 /* Pods-CocoaPodsLocal.debug.xcconfig */ = {isa = PBXFileReference; includeInIndex = 1; lastKnownFileType = text.xcconfig; name = "Pods-CocoaPodsLocal.debug.xcconfig"; path = "Target Support Files/Pods-CocoaPodsLocal/Pods-CocoaPodsLocal.debug.xcconfig"; sourceTree = "<group>"; };
		388E196A291241FC001598E0 /* CocoaPodsLocal.app */ = {isa = PBXFileReference; explicitFileType = wrapper.application; includeInIndex = 0; path = CocoaPodsLocal.app; sourceTree = BUILT_PRODUCTS_DIR; };
		388E196D291241FC001598E0 /* AppDelegate.swift */ = {isa = PBXFileReference; lastKnownFileType = sourcecode.swift; path = AppDelegate.swift; sourceTree = "<group>"; };
		388E196F291241FC001598E0 /* SceneDelegate.swift */ = {isa = PBXFileReference; lastKnownFileType = sourcecode.swift; path = SceneDelegate.swift; sourceTree = "<group>"; };
		388E1971291241FC001598E0 /* ViewController.swift */ = {isa = PBXFileReference; lastKnownFileType = sourcecode.swift; path = ViewController.swift; sourceTree = "<group>"; };
		388E1974291241FC001598E0 /* Base */ = {isa = PBXFileReference; lastKnownFileType = file.storyboard; name = Base; path = Base.lproj/Main.storyboard; sourceTree = "<group>"; };
		388E1976291241FD001598E0 /* Assets.xcassets */ = {isa = PBXFileReference; lastKnownFileType = folder.assetcatalog; path = Assets.xcassets; sourceTree = "<group>"; };
		388E1979291241FD001598E0 /* Base */ = {isa = PBXFileReference; lastKnownFileType = file.storyboard; name = Base; path = Base.lproj/LaunchScreen.storyboard; sourceTree = "<group>"; };
		388E197B291241FD001598E0 /* Info.plist */ = {isa = PBXFileReference; lastKnownFileType = text.plist.xml; path = Info.plist; sourceTree = "<group>"; };
		388E1980291241FD001598E0 /* CocoaPodsLocalTests.xctest */ = {isa = PBXFileReference; explicitFileType = wrapper.cfbundle; includeInIndex = 0; path = CocoaPodsLocalTests.xctest; sourceTree = BUILT_PRODUCTS_DIR; };
		388E1984291241FD001598E0 /* CocoaPodsLocalTests.swift */ = {isa = PBXFileReference; lastKnownFileType = sourcecode.swift; path = CocoaPodsLocalTests.swift; sourceTree = "<group>"; };
		388E198A291241FD001598E0 /* CocoaPodsLocalUITests.xctest */ = {isa = PBXFileReference; explicitFileType = wrapper.cfbundle; includeInIndex = 0; path = CocoaPodsLocalUITests.xctest; sourceTree = BUILT_PRODUCTS_DIR; };
		388E198E291241FD001598E0 /* CocoaPodsLocalUITests.swift */ = {isa = PBXFileReference; lastKnownFileType = sourcecode.swift; path = CocoaPodsLocalUITests.swift; sourceTree = "<group>"; };
		388E1990291241FD001598E0 /* CocoaPodsLocalUITestsLaunchTests.swift */ = {isa = PBXFileReference; lastKnownFileType = sourcecode.swift; path = CocoaPodsLocalUITestsLaunchTests.swift; sourceTree = "<group>"; };
		A0FBAD90DCEC556443F45ECF /* Pods-CocoaPodsLocal.release.xcconfig */ = {isa = PBXFileReference; includeInIndex = 1; lastKnownFileType = text.xcconfig; name = "Pods-CocoaPodsLocal.release.xcconfig"; path = "Target Support Files/Pods-CocoaPodsLocal/Pods-CocoaPodsLocal.release.xcconfig"; sourceTree = "<group>"; };
		C9BFADB88CCCFFC2E0E30212 /* Pods_CocoaPodsLocal.framework */ = {isa = PBXFileReference; explicitFileType = wrapper.framework; includeInIndex = 0; path = Pods_CocoaPodsLocal.framework; sourceTree = BUILT_PRODUCTS_DIR; };
		ED39FA78C5468E287EA0801D /* Pods-CocoaPodsLocal.prerelease.xcconfig */ = {isa = PBXFileReference; includeInIndex = 1; lastKnownFileType = text.xcconfig; name = "Pods-CocoaPodsLocal.prerelease.xcconfig"; path = "Target Support Files/Pods-CocoaPodsLocal/Pods-CocoaPodsLocal.prerelease.xcconfig"; sourceTree = "<group>"; };
/* End PBXFileReference section */

/* Begin PBXFrameworksBuildPhase section */
		388E1967291241FC001598E0 /* Frameworks */ = {
			isa = PBXFrameworksBuildPhase;
			buildActionMask = 2147483647;
			files = (
				9F918287BEA4B0972849E8F8 /* Pods_CocoaPodsLocal.framework in Frameworks */,
			);
			runOnlyForDeploymentPostprocessing = 0;
		};
		388E197D291241FD001598E0 /* Frameworks */ = {
			isa = PBXFrameworksBuildPhase;
			buildActionMask = 2147483647;
			files = (
			);
			runOnlyForDeploymentPostprocessing = 0;
		};
		388E1987291241FD001598E0 /* Frameworks */ = {
			isa = PBXFrameworksBuildPhase;
			buildActionMask = 2147483647;
			files = (
			);
			runOnlyForDeploymentPostprocessing = 0;
		};
/* End PBXFrameworksBuildPhase section */

/* Begin PBXGroup section */
		388E1961291241FC001598E0 = {
			isa = PBXGroup;
			children = (
				388E196C291241FC001598E0 /* CocoaPodsLocal */,
				388E1983291241FD001598E0 /* CocoaPodsLocalTests */,
				388E198D291241FD001598E0 /* CocoaPodsLocalUITests */,
				388E196B291241FC001598E0 /* Products */,
				73AD3C2800B1824B7F51B8BC /* Pods */,
				DA740FA76DD5227FF3CD796D /* Frameworks */,
			);
			sourceTree = "<group>";
		};
		388E196B291241FC001598E0 /* Products */ = {
			isa = PBXGroup;
			children = (
				388E196A291241FC001598E0 /* CocoaPodsLocal.app */,
				388E1980291241FD001598E0 /* CocoaPodsLocalTests.xctest */,
				388E198A291241FD001598E0 /* CocoaPodsLocalUITests.xctest */,
			);
			name = Products;
			sourceTree = "<group>";
		};
		388E196C291241FC001598E0 /* CocoaPodsLocal */ = {
			isa = PBXGroup;
			children = (
				388E196D291241FC001598E0 /* AppDelegate.swift */,
				388E196F291241FC001598E0 /* SceneDelegate.swift */,
				388E1971291241FC001598E0 /* ViewController.swift */,
				388E1973291241FC001598E0 /* Main.storyboard */,
				388E1976291241FD001598E0 /* Assets.xcassets */,
				388E1978291241FD001598E0 /* LaunchScreen.storyboard */,
				388E197B291241FD001598E0 /* Info.plist */,
			);
			path = CocoaPodsLocal;
			sourceTree = "<group>";
		};
		388E1983291241FD001598E0 /* CocoaPodsLocalTests */ = {
			isa = PBXGroup;
			children = (
				388E1984291241FD001598E0 /* CocoaPodsLocalTests.swift */,
			);
			path = CocoaPodsLocalTests;
			sourceTree = "<group>";
		};
		388E198D291241FD001598E0 /* CocoaPodsLocalUITests */ = {
			isa = PBXGroup;
			children = (
				388E198E291241FD001598E0 /* CocoaPodsLocalUITests.swift */,
				388E1990291241FD001598E0 /* CocoaPodsLocalUITestsLaunchTests.swift */,
			);
			path = CocoaPodsLocalUITests;
			sourceTree = "<group>";
		};
		73AD3C2800B1824B7F51B8BC /* Pods */ = {
			isa = PBXGroup;
			children = (
				35C4A7D9ECC719D6DC2822E3 /* Pods-CocoaPodsLocal.debug.xcconfig */,
				ED39FA78C5468E287EA0801D /* Pods-CocoaPodsLocal.prerelease.xcconfig */,
				A0FBAD90DCEC556443F45ECF /* Pods-CocoaPodsLocal.release.xcconfig */,
			);
			path = Pods;
			sourceTree = "<group>";
		};
		DA740FA76DD5227FF3CD796D /* Frameworks */ = {
			isa = PBXGroup;
			children = (
				C9BFADB88CCCFFC2E0E30212 /* Pods_CocoaPodsLocal.framework */,
			);
			name = Frameworks;
			sourceTree = "<group>";
		};
/* End PBXGroup section */

/* Begin PBXNativeTarget section */
		388E1969291241FC001598E0 /* CocoaPodsLocal */ = {
			isa = PBXNativeTarget;
			buildConfigurationList = 388E1994291241FD001598E0 /* Build configuration list for PBXNativeTarget "CocoaPodsLocal" */;
			buildPhases = (
				1887A861687C32F66185A3CA /* [CP] Check Pods Manifest.lock */,
				388E1966291241FC001598E0 /* Sources */,
				388E1967291241FC001598E0 /* Frameworks */,
				388E1968291241FC001598E0 /* Resources */,
				223F38E161354C65C1574CF2 /* [CP] Embed Pods Frameworks */,
				62D488205F7FC7A28A31E456 /* [CP] Copy Pods Resources */,
			);
			buildRules = (
			);
			dependencies = (
			);
			name = CocoaPodsLocal;
			productName = CocoaPodsLocal;
			productReference = 388E196A291241FC001598E0 /* CocoaPodsLocal.app */;
			productType = "com.apple.product-type.application";
		};
		388E197F291241FD001598E0 /* CocoaPodsLocalTests */ = {
			isa = PBXNativeTarget;
			buildConfigurationList = 388E1997291241FD001598E0 /* Build configuration list for PBXNativeTarget "CocoaPodsLocalTests" */;
			buildPhases = (
				388E197C291241FD001598E0 /* Sources */,
				388E197D291241FD001598E0 /* Frameworks */,
				388E197E291241FD001598E0 /* Resources */,
			);
			buildRules = (
			);
			dependencies = (
				388E1982291241FD001598E0 /* PBXTargetDependency */,
			);
			name = CocoaPodsLocalTests;
			productName = CocoaPodsLocalTests;
			productReference = 388E1980291241FD001598E0 /* CocoaPodsLocalTests.xctest */;
			productType = "com.apple.product-type.bundle.unit-test";
		};
		388E1989291241FD001598E0 /* CocoaPodsLocalUITests */ = {
			isa = PBXNativeTarget;
			buildConfigurationList = 388E199A291241FD001598E0 /* Build configuration list for PBXNativeTarget "CocoaPodsLocalUITests" */;
			buildPhases = (
				388E1986291241FD001598E0 /* Sources */,
				388E1987291241FD001598E0 /* Frameworks */,
				388E1988291241FD001598E0 /* Resources */,
			);
			buildRules = (
			);
			dependencies = (
				388E198C291241FD001598E0 /* PBXTargetDependency */,
			);
			name = CocoaPodsLocalUITests;
			productName = CocoaPodsLocalUITests;
			productReference = 388E198A291241FD001598E0 /* CocoaPodsLocalUITests.xctest */;
			productType = "com.apple.product-type.bundle.ui-testing";
		};
/* End PBXNativeTarget section */

/* Begin PBXProject section */
		388E1962291241FC001598E0 /* Project object */ = {
			isa = PBXProject;
			attributes = {
				BuildIndependentTargetsInParallel = 1;
				LastSwiftUpdateCheck = 1410;
				LastUpgradeCheck = 1410;
				TargetAttributes = {
					388E1969291241FC001598E0 = {
						CreatedOnToolsVersion = 14.1;
					};
					388E197F291241FD001598E0 = {
						CreatedOnToolsVersion = 14.1;
						TestTargetID = 388E1969291241FC001598E0;
					};
					388E1989291241FD001598E0 = {
						CreatedOnToolsVersion = 14.1;
						TestTargetID = 388E1969291241FC001598E0;
					};
				};
			};
			buildConfigurationList = 388E1965291241FC001598E0 /* Build configuration list for PBXProject "CocoaPodsLocal" */;
			compatibilityVersion = "Xcode 14.0";
			developmentRegion = en;
			hasScannedForEncodings = 0;
			knownRegions = (
				en,
				Base,
			);
			mainGroup = 388E1961291241FC001598E0;
			productRefGroup = 388E196B291241FC001598E0 /* Products */;
			projectDirPath = "";
			projectRoot = "";
			targets = (
				388E1969291241FC001598E0 /* CocoaPodsLocal */,
				388E197F291241FD001598E0 /* CocoaPodsLocalTests */,
				388E1989291241FD001598E0 /* CocoaPodsLocalUITests */,
			);
		};
/* End PBXProject section */

/* Begin PBXResourcesBuildPhase section */
		388E1968291241FC001598E0 /* Resources */ = {
			isa = PBXResourcesBuildPhase;
			buildActionMask = 2147483647;
			files = (
				388E197A291241FD001598E0 /* LaunchScreen.storyboard in Resources */,
				388E1977291241FD001598E0 /* Assets.xcassets in Resources */,
				388E1975291241FC001598E0 /* Main.storyboard in Resources */,
			);
			runOnlyForDeploymentPostprocessing = 0;
		};
		388E197E291241FD001598E0 /* Resources */ = {
			isa = PBXResourcesBuildPhase;
			buildActionMask = 2147483647;
			files = (
			);
			runOnlyForDeploymentPostprocessing = 0;
		};
		388E1988291241FD001598E0 /* Resources */ = {
			isa = PBXResourcesBuildPhase;
			buildActionMask = 2147483647;
			files = (
			);
			runOnlyForDeploymentPostprocessing = 0;
		};
/* End PBXResourcesBuildPhase section */

/* Begin PBXShellScriptBuildPhase section */
		1887A861687C32F66185A3CA /* [CP] Check Pods Manifest.lock */ = {
			isa = PBXShellScriptBuildPhase;
			buildActionMask = 2147483647;
			files = (
			);
			inputFileListPaths = (
			);
			inputPaths = (
				"${PODS_PODFILE_DIR_PATH}/Podfile.lock",
				"${PODS_ROOT}/Manifest.lock",
			);
			name = "[CP] Check Pods Manifest.lock";
			outputFileListPaths = (
			);
			outputPaths = (
				"$(DERIVED_FILE_DIR)/Pods-CocoaPodsLocal-checkManifestLockResult.txt",
			);
			runOnlyForDeploymentPostprocessing = 0;
			shellPath = /bin/sh;
			shellScript = "diff \"${PODS_PODFILE_DIR_PATH}/Podfile.lock\" \"${PODS_ROOT}/Manifest.lock\" > /dev/null\nif [ $? != 0 ] ; then\n    # print error to STDERR\n    echo \"error: The sandbox is not in sync with the Podfile.lock. Run 'pod install' or update your CocoaPods installation.\" >&2\n    exit 1\nfi\n# This output is used by Xcode 'outputs' to avoid re-running this script phase.\necho \"SUCCESS\" > \"${SCRIPT_OUTPUT_FILE_0}\"\n";
			showEnvVarsInLog = 0;
		};
		223F38E161354C65C1574CF2 /* [CP] Embed Pods Frameworks */ = {
			isa = PBXShellScriptBuildPhase;
			buildActionMask = 2147483647;
			files = (
			);
			inputFileListPaths = (
				"${PODS_ROOT}/Target Support Files/Pods-CocoaPodsLocal/Pods-CocoaPodsLocal-frameworks-${CONFIGURATION}-input-files.xcfilelist",
			);
			name = "[CP] Embed Pods Frameworks";
			outputFileListPaths = (
				"${PODS_ROOT}/Target Support Files/Pods-CocoaPodsLocal/Pods-CocoaPodsLocal-frameworks-${CONFIGURATION}-output-files.xcfilelist",
			);
			runOnlyForDeploymentPostprocessing = 0;
			shellPath = /bin/sh;
			shellScript = "\"${PODS_ROOT}/Target Support Files/Pods-CocoaPodsLocal/Pods-CocoaPodsLocal-frameworks.sh\"\n";
			showEnvVarsInLog = 0;
		};
		62D488205F7FC7A28A31E456 /* [CP] Copy Pods Resources */ = {
			isa = PBXShellScriptBuildPhase;
			buildActionMask = 2147483647;
			files = (
			);
			inputFileListPaths = (
				"${PODS_ROOT}/Target Support Files/Pods-CocoaPodsLocal/Pods-CocoaPodsLocal-resources-${CONFIGURATION}-input-files.xcfilelist",
			);
			name = "[CP] Copy Pods Resources";
			outputFileListPaths = (
				"${PODS_ROOT}/Target Support Files/Pods-CocoaPodsLocal/Pods-CocoaPodsLocal-resources-${CONFIGURATION}-output-files.xcfilelist",
			);
			runOnlyForDeploymentPostprocessing = 0;
			shellPath = /bin/sh;
			shellScript = "\"${PODS_ROOT}/Target Support Files/Pods-CocoaPodsLocal/Pods-CocoaPodsLocal-resources.sh\"\n";
			showEnvVarsInLog = 0;
		};
/* End PBXShellScriptBuildPhase section */

/* Begin PBXSourcesBuildPhase section */
		388E1966291241FC001598E0 /* Sources */ = {
			isa = PBXSourcesBuildPhase;
			buildActionMask = 2147483647;
			files = (
				388E1972291241FC001598E0 /* ViewController.swift in Sources */,
				388E196E291241FC001598E0 /* AppDelegate.swift in Sources */,
				388E1970291241FC001598E0 /* SceneDelegate.swift in Sources */,
			);
			runOnlyForDeploymentPostprocessing = 0;
		};
		388E197C291241FD001598E0 /* Sources */ = {
			isa = PBXSourcesBuildPhase;
			buildActionMask = 2147483647;
			files = (
				388E1985291241FD001598E0 /* CocoaPodsLocalTests.swift in Sources */,
			);
			runOnlyForDeploymentPostprocessing = 0;
		};
		388E1986291241FD001598E0 /* Sources */ = {
			isa = PBXSourcesBuildPhase;
			buildActionMask = 2147483647;
			files = (
				388E1991291241FD001598E0 /* CocoaPodsLocalUITestsLaunchTests.swift in Sources */,
				388E198F291241FD001598E0 /* CocoaPodsLocalUITests.swift in Sources */,
			);
			runOnlyForDeploymentPostprocessing = 0;
		};
/* End PBXSourcesBuildPhase section */

/* Begin PBXTargetDependency section */
		388E1982291241FD001598E0 /* PBXTargetDependency */ = {
			isa = PBXTargetDependency;
			target = 388E1969291241FC001598E0 /* CocoaPodsLocal */;
			targetProxy = 388E1981291241FD001598E0 /* PBXContainerItemProxy */;
		};
		388E198C291241FD001598E0 /* PBXTargetDependency */ = {
			isa = PBXTargetDependency;
			target = 388E1969291241FC001598E0 /* CocoaPodsLocal */;
			targetProxy = 388E198B291241FD001598E0 /* PBXContainerItemProxy */;
		};
/* End PBXTargetDependency section */

/* Begin PBXVariantGroup section */
		388E1973291241FC001598E0 /* Main.storyboard */ = {
			isa = PBXVariantGroup;
			children = (
				388E1974291241FC001598E0 /* Base */,
			);
			name = Main.storyboard;
			sourceTree = "<group>";
		};
		388E1978291241FD001598E0 /* LaunchScreen.storyboard */ = {
			isa = PBXVariantGroup;
			children = (
				388E1979291241FD001598E0 /* Base */,
			);
			name = LaunchScreen.storyboard;
			sourceTree = "<group>";
		};
/* End PBXVariantGroup section */

/* Begin XCBuildConfiguration section */
		388E1992291241FD001598E0 /* Debug */ = {
			isa = XCBuildConfiguration;
			buildSettings = {
				ALWAYS_SEARCH_USER_PATHS = NO;
				CLANG_ANALYZER_NONNULL = YES;
				CLANG_ANALYZER_NUMBER_OBJECT_CONVERSION = YES_AGGRESSIVE;
				CLANG_CXX_LANGUAGE_STANDARD = "gnu++20";
				CLANG_ENABLE_MODULES = YES;
				CLANG_ENABLE_OBJC_ARC = YES;
				CLANG_ENABLE_OBJC_WEAK = YES;
				CLANG_WARN_BLOCK_CAPTURE_AUTORELEASING = YES;
				CLANG_WARN_BOOL_CONVERSION = YES;
				CLANG_WARN_COMMA = YES;
				CLANG_WARN_CONSTANT_CONVERSION = YES;
				CLANG_WARN_DEPRECATED_OBJC_IMPLEMENTATIONS = YES;
				CLANG_WARN_DIRECT_OBJC_ISA_USAGE = YES_ERROR;
				CLANG_WARN_DOCUMENTATION_COMMENTS = YES;
				CLANG_WARN_EMPTY_BODY = YES;
				CLANG_WARN_ENUM_CONVERSION = YES;
				CLANG_WARN_INFINITE_RECURSION = YES;
				CLANG_WARN_INT_CONVERSION = YES;
				CLANG_WARN_NON_LITERAL_NULL_CONVERSION = YES;
				CLANG_WARN_OBJC_IMPLICIT_RETAIN_SELF = YES;
				CLANG_WARN_OBJC_LITERAL_CONVERSION = YES;
				CLANG_WARN_OBJC_ROOT_CLASS = YES_ERROR;
				CLANG_WARN_QUOTED_INCLUDE_IN_FRAMEWORK_HEADER = YES;
				CLANG_WARN_RANGE_LOOP_ANALYSIS = YES;
				CLANG_WARN_STRICT_PROTOTYPES = YES;
				CLANG_WARN_SUSPICIOUS_MOVE = YES;
				CLANG_WARN_UNGUARDED_AVAILABILITY = YES_AGGRESSIVE;
				CLANG_WARN_UNREACHABLE_CODE = YES;
				CLANG_WARN__DUPLICATE_METHOD_MATCH = YES;
				COPY_PHASE_STRIP = NO;
				DEBUG_INFORMATION_FORMAT = dwarf;
				ENABLE_STRICT_OBJC_MSGSEND = YES;
				ENABLE_TESTABILITY = YES;
				GCC_C_LANGUAGE_STANDARD = gnu11;
				GCC_DYNAMIC_NO_PIC = NO;
				GCC_NO_COMMON_BLOCKS = YES;
				GCC_OPTIMIZATION_LEVEL = 0;
				GCC_PREPROCESSOR_DEFINITIONS = (
					"DEBUG=1",
					"$(inherited)",
				);
				GCC_WARN_64_TO_32_BIT_CONVERSION = YES;
				GCC_WARN_ABOUT_RETURN_TYPE = YES_ERROR;
				GCC_WARN_UNDECLARED_SELECTOR = YES;
				GCC_WARN_UNINITIALIZED_AUTOS = YES_AGGRESSIVE;
				GCC_WARN_UNUSED_FUNCTION = YES;
				GCC_WARN_UNUSED_VARIABLE = YES;
				IPHONEOS_DEPLOYMENT_TARGET = 13.0;
				MTL_ENABLE_DEBUG_INFO = INCLUDE_SOURCE;
				MTL_FAST_MATH = YES;
				ONLY_ACTIVE_ARCH = YES;
				SDKROOT = iphoneos;
				SWIFT_ACTIVE_COMPILATION_CONDITIONS = DEBUG;
				SWIFT_OPTIMIZATION_LEVEL = "-Onone";
			};
			name = Debug;
		};
		388E1993291241FD001598E0 /* Release */ = {
			isa = XCBuildConfiguration;
			buildSettings = {
				ALWAYS_SEARCH_USER_PATHS = NO;
				CLANG_ANALYZER_NONNULL = YES;
				CLANG_ANALYZER_NUMBER_OBJECT_CONVERSION = YES_AGGRESSIVE;
				CLANG_CXX_LANGUAGE_STANDARD = "gnu++20";
				CLANG_ENABLE_MODULES = YES;
				CLANG_ENABLE_OBJC_ARC = YES;
				CLANG_ENABLE_OBJC_WEAK = YES;
				CLANG_WARN_BLOCK_CAPTURE_AUTORELEASING = YES;
				CLANG_WARN_BOOL_CONVERSION = YES;
				CLANG_WARN_COMMA = YES;
				CLANG_WARN_CONSTANT_CONVERSION = YES;
				CLANG_WARN_DEPRECATED_OBJC_IMPLEMENTATIONS = YES;
				CLANG_WARN_DIRECT_OBJC_ISA_USAGE = YES_ERROR;
				CLANG_WARN_DOCUMENTATION_COMMENTS = YES;
				CLANG_WARN_EMPTY_BODY = YES;
				CLANG_WARN_ENUM_CONVERSION = YES;
				CLANG_WARN_INFINITE_RECURSION = YES;
				CLANG_WARN_INT_CONVERSION = YES;
				CLANG_WARN_NON_LITERAL_NULL_CONVERSION = YES;
				CLANG_WARN_OBJC_IMPLICIT_RETAIN_SELF = YES;
				CLANG_WARN_OBJC_LITERAL_CONVERSION = YES;
				CLANG_WARN_OBJC_ROOT_CLASS = YES_ERROR;
				CLANG_WARN_QUOTED_INCLUDE_IN_FRAMEWORK_HEADER = YES;
				CLANG_WARN_RANGE_LOOP_ANALYSIS = YES;
				CLANG_WARN_STRICT_PROTOTYPES = YES;
				CLANG_WARN_SUSPICIOUS_MOVE = YES;
				CLANG_WARN_UNGUARDED_AVAILABILITY = YES_AGGRESSIVE;
				CLANG_WARN_UNREACHABLE_CODE = YES;
				CLANG_WARN__DUPLICATE_METHOD_MATCH = YES;
				COPY_PHASE_STRIP = NO;
				DEBUG_INFORMATION_FORMAT = "dwarf-with-dsym";
				ENABLE_NS_ASSERTIONS = NO;
				ENABLE_STRICT_OBJC_MSGSEND = YES;
				GCC_C_LANGUAGE_STANDARD = gnu11;
				GCC_NO_COMMON_BLOCKS = YES;
				GCC_WARN_64_TO_32_BIT_CONVERSION = YES;
				GCC_WARN_ABOUT_RETURN_TYPE = YES_ERROR;
				GCC_WARN_UNDECLARED_SELECTOR = YES;
				GCC_WARN_UNINITIALIZED_AUTOS = YES_AGGRESSIVE;
				GCC_WARN_UNUSED_FUNCTION = YES;
				GCC_WARN_UNUSED_VARIABLE = YES;
				IPHONEOS_DEPLOYMENT_TARGET = 13.0;
				MTL_ENABLE_DEBUG_INFO = NO;
				MTL_FAST_MATH = YES;
				SDKROOT = iphoneos;
				SWIFT_COMPILATION_MODE = wholemodule;
				SWIFT_OPTIMIZATION_LEVEL = "-O";
				VALIDATE_PRODUCT = YES;
			};
			name = Release;
		};
		388E1995291241FD001598E0 /* Debug */ = {
			isa = XCBuildConfiguration;
			baseConfigurationReference = 35C4A7D9ECC719D6DC2822E3 /* Pods-CocoaPodsLocal.debug.xcconfig */;
			buildSettings = {
				ASSETCATALOG_COMPILER_APPICON_NAME = AppIcon;
				ASSETCATALOG_COMPILER_GLOBAL_ACCENT_COLOR_NAME = AccentColor;
				CODE_SIGN_STYLE = Automatic;
				CURRENT_PROJECT_VERSION = 1;
				DEVELOPMENT_TEAM = J75J67B67V;
				EXCLUDED_ARCHS = "";
				GENERATE_INFOPLIST_FILE = YES;
				INFOPLIST_FILE = CocoaPodsLocal/Info.plist;
				INFOPLIST_KEY_UIApplicationSupportsIndirectInputEvents = YES;
				INFOPLIST_KEY_UILaunchStoryboardName = LaunchScreen;
				INFOPLIST_KEY_UIMainStoryboardFile = Main;
				INFOPLIST_KEY_UISupportedInterfaceOrientations_iPad = "UIInterfaceOrientationPortrait UIInterfaceOrientationPortraitUpsideDown UIInterfaceOrientationLandscapeLeft UIInterfaceOrientationLandscapeRight";
				INFOPLIST_KEY_UISupportedInterfaceOrientations_iPhone = "UIInterfaceOrientationPortrait UIInterfaceOrientationLandscapeLeft UIInterfaceOrientationLandscapeRight";
				LD_RUNPATH_SEARCH_PATHS = (
					"$(inherited)",
					"@executable_path/Frameworks",
				);
				MARKETING_VERSION = 1.0;
				OTHER_LDFLAGS = (
					"$(inherited)",
					"-ObjC",
					"-l\"c++\"",
					"-l\"c++.1\"",
					"-l\"c++abi\"",
					"-l\"iconv\"",
					"-l\"resolv\"",
					"-l\"sqlite3\"",
					"-l\"sqlite3.0\"",
					"-l\"xml2\"",
					"-l\"z\"",
					"-framework",
					"\"AMapFoundationKit\"",
					"-framework",
					"\"AMapSearchKit\"",
					"-framework",
					"\"APMUtils\"",
					"-framework",
					"\"APNGKit\"",
					"-framework",
					"\"AVFoundation\"",
					"-framework",
					"\"Accelerate\"",
					"-framework",
					"\"Alamofire\"",
					"-framework",
					"\"AlicloudSender\"",
					"-framework",
					"\"AlicloudUtils\"",
					"-framework",
					"\"AlipaySDK\"",
					"-framework",
					"\"AliyunIdentityFace\"",
					"-framework",
					"\"AliyunIdentityOcr\"",
					"-framework",
					"\"AliyunIdentityPlatform\"",
					"-framework",
					"\"AliyunIdentityUtils\"",
					"-framework",
					"\"AliyunOSSiOS\"",
					"-framework",
					"\"Ares\"",
					"-framework",
					"\"AssetsLibrary\"",
					"-framework",
					"\"AudioToolbox\"",
					"-framework",
					"\"BMBase\"",
					"-framework",
					"\"BMCharge\"",
					"-framework",
					"\"BMKit\"",
					"-framework",
					"\"BMModel\"",
					"-framework",
					"\"BMNetworking\"",
					"-framework",
					"\"BarrageRenderer\"",
					"-framework",
					"\"CCBNetPaySDK\"",
					"-framework",
					"\"CFNetwork\"",
					"-framework",
					"\"CMBSDK\"",
					"-framework",
					"\"CTMediator\"",
					"-framework",
					"\"Cache\"",
					"-framework",
					"\"CloudPushSDK\"",
					"-framework",
					"\"CocoaLumberjack\"",
					"-framework",
					"\"Combine\"",
					"-framework",
					"\"Cordova\"",
					"-framework",
					"\"CoreBluetooth\"",
					"-framework",
					"\"CoreFoundation\"",
					"-framework",
					"\"CoreGraphics\"",
					"-framework",
					"\"CoreImage\"",
					"-framework",
					"\"CoreLocation\"",
					"-framework",
					"\"CoreMedia\"",
					"-framework",
					"\"CoreMotion\"",
					"-framework",
					"\"CoreServices\"",
					"-framework",
					"\"CoreTelephony\"",
					"-framework",
					"\"CoreText\"",
					"-framework",
					"\"CryptoSwift\"",
					"-framework",
					"\"DZNEmptyDataSet\"",
					"-framework",
					"\"Delegate\"",
					"-framework",
					"\"DeviceKit\"",
					"-framework",
					"\"EAccountApiSDK\"",
					"-framework",
					"\"EMASRest\"",
					"-framework",
					"\"Foundation\"",
					"-framework",
					"\"GLKit\"",
					"-framework",
					"\"GrowingAnalytics\"",
					"-framework",
					"\"GrowingAnalytics_cdp\"",
					"-framework",
					"\"HXPhotoPicker\"",
					"-framework",
					"\"ICBCPaySDK\"",
					"-framework",
					"\"ImageIO\"",
					"-framework",
					"\"IngeekDK\"",
					"-framework",
					"\"JTAppleCalendar\"",
					"-framework",
					"\"JXPhotoBrowser\"",
					"-framework",
					"\"JXSegmentedView\"",
					"-framework",
					"\"JavaScriptCore\"",
					"-framework",
					"\"Kingfisher\"",
					"-framework",
					"\"LAPM\"",
					"-framework",
					"\"LAddressComponents\"",
					"-framework",
					"\"LAftersale\"",
					"-framework",
					"\"LBase\"",
					"-framework",
					"\"LBaseModel\"",
					"-framework",
					"\"LBluetoothDebug\"",
					"-framework",
					"\"LCSOP\"",
					"-framework",
					"\"LChat\"",
					"-framework",
					"\"LCocoaDebug\"",
					"-framework",
					"\"LCombineExtension\"",
					"-framework",
					"\"LConfig\"",
					"-framework",
					"\"LDebugService\"",
					"-framework",
					"\"LEventTracking\"",
					"-framework",
					"\"LExtension\"",
					"-framework",
					"\"LFileManager\"",
					"-framework",
					"\"LGO\"",
					"-framework",
					"\"LKVAlfred\"",
					"-framework",
					"\"LLocation\"",
					"-framework",
					"\"LLogger\"",
					"-framework",
					"\"LLogin\"",
					"-framework",
					"\"LMediator\"",
					"-framework",
					"\"LMine\"",
					"-framework",
					"\"LNetworkService\"",
					"-framework",
					"\"LPay\"",
					"-framework",
					"\"LPermissions\"",
					"-framework",
					"\"LPhotoManager\"",
					"-framework",
					"\"LPresale\"",
					"-framework",
					"\"LUI\"",
					"-framework",
					"\"LUrlResolver\"",
					"-framework",
					"\"LUser\"",
					"-framework",
					"\"LVehicle\"",
					"-framework",
					"\"LWebsocket\"",
					"-framework",
					"\"L_AMLeaksFinder\"",
					"-framework",
					"\"LookinServer\"",
					"-framework",
					"\"Lottie\"",
					"-framework",
					"\"M80AttributedLabel\"",
					"-framework",
					"\"MADCore\"",
					"-framework",
					"\"MAMapKit\"",
					"-framework",
					"\"MBProgressHUD\"",
					"-framework",
					"\"MJRefresh\"",
					"-framework",
					"\"MQTTClient\"",
					"-framework",
					"\"MapKit\"",
					"-framework",
					"\"MobileCoreServices\"",
					"-framework",
					"\"NELPGslb\"",
					"-framework",
					"\"NELivePlayerFramework\"",
					"-framework",
					"\"NIMNOS\"",
					"-framework",
					"\"NIMSDK\"",
					"-framework",
					"\"OAuth\"",
					"-framework",
					"\"OneKit\"",
					"-framework",
					"\"OpenBankSDK\"",
					"-framework",
					"\"OpenGLES\"",
					"-framework",
					"\"Photos\"",
					"-framework",
					"\"PhotosUI\"",
					"-framework",
					"\"Protobuf\"",
					"-framework",
					"\"QMUIKit\"",
					"-framework",
					"\"QuartzCore\"",
					"-framework",
					"\"RARegisterKit\"",
					"-framework",
					"\"RangersAPM\"",
					"-framework",
					"\"Realm\"",
					"-framework",
					"\"RealmSwift\"",
					"-framework",
					"\"Rswift\"",
					"-framework",
					"\"RtsSDK\"",
					"-framework",
					"\"RxCocoa\"",
					"-framework",
					"\"RxRelay\"",
					"-framework",
					"\"RxSwift\"",
					"-framework",
					"\"SDWebImage\"",
					"-framework",
					"\"SSZipArchive\"",
					"-framework",
					"\"SVGAPlayer\"",
					"-framework",
					"\"Security\"",
					"-framework",
					"\"SnapKit\"",
					"-framework",
					"\"SwiftyJSON\"",
					"-framework",
					"\"SwiftyUserDefaults\"",
					"-framework",
					"\"SystemConfiguration\"",
					"-framework",
					"\"TYRZUISDK\"",
					"-framework",
					"\"Toast\"",
					"-framework",
					"\"Toast_Swift\"",
					"-framework",
					"\"ToygerService\"",
					"-framework",
					"\"UIKit\"",
					"-framework",
					"\"UIView_Shimmer\"",
					"-framework",
					"\"UTDID\"",
					"-framework",
					"\"UTMini\"",
					"-framework",
					"\"UnityFramework\"",
					"-framework",
					"\"VideoToolbox\"",
					"-framework",
					"\"WatchConnectivity\"",
					"-framework",
					"\"WebKit\"",
					"-framework",
					"\"XALoginSDK\"",
					"-framework",
					"\"XMedia\"",
					"-framework",
					"\"YYKit\"",
					"-framework",
					"\"ZIPFoundation\"",
					"-framework",
					"\"account_login_sdk_noui_core\"",
					"-framework",
					"\"banksPaySDK\"",
					"-framework",
					"\"deviceiOS\"",
					"-framework",
					"\"dsBridge\"",
					"-framework",
					"\"l_mapKit_iOS\"",
					"-framework",
					"\"l_video_ios\"",
					"-framework",
					"\"l_zebra_sdk_ios\"",
					"-framework",
					"\"libpag\"",
					"-framework",
					"\"swiftScan\"",
					"-framework",
					"\"xNN\"",
					"-weak_framework",
					"\"Combine\"",
					"-weak_framework",
					"\"MetricKit\"",
					"-weak_framework",
					"\"SwiftUI\"",
				);
				PRODUCT_BUNDLE_IDENTIFIER = com.cocoapods.cn.CocoaPodsLocal;
				PRODUCT_NAME = "$(TARGET_NAME)";
				SUPPORTED_PLATFORMS = "iphoneos iphonesimulator";
				SUPPORTS_MACCATALYST = NO;
				SUPPORTS_MAC_DESIGNED_FOR_IPHONE_IPAD = NO;
				SWIFT_EMIT_LOC_STRINGS = YES;
				SWIFT_VERSION = 5.0;
				TARGETED_DEVICE_FAMILY = 1;
			};
			name = Debug;
		};
		388E1996291241FD001598E0 /* Release */ = {
			isa = XCBuildConfiguration;
			baseConfigurationReference = A0FBAD90DCEC556443F45ECF /* Pods-CocoaPodsLocal.release.xcconfig */;
			buildSettings = {
				ASSETCATALOG_COMPILER_APPICON_NAME = AppIcon;
				ASSETCATALOG_COMPILER_GLOBAL_ACCENT_COLOR_NAME = AccentColor;
				CODE_SIGN_STYLE = Automatic;
				CURRENT_PROJECT_VERSION = 1;
				DEVELOPMENT_TEAM = J75J67B67V;
				GENERATE_INFOPLIST_FILE = YES;
				INFOPLIST_FILE = CocoaPodsLocal/Info.plist;
				INFOPLIST_KEY_UIApplicationSupportsIndirectInputEvents = YES;
				INFOPLIST_KEY_UILaunchStoryboardName = LaunchScreen;
				INFOPLIST_KEY_UIMainStoryboardFile = Main;
				INFOPLIST_KEY_UISupportedInterfaceOrientations_iPad = "UIInterfaceOrientationPortrait UIInterfaceOrientationPortraitUpsideDown UIInterfaceOrientationLandscapeLeft UIInterfaceOrientationLandscapeRight";
				INFOPLIST_KEY_UISupportedInterfaceOrientations_iPhone = "UIInterfaceOrientationPortrait UIInterfaceOrientationLandscapeLeft UIInterfaceOrientationLandscapeRight";
				LD_RUNPATH_SEARCH_PATHS = (
					"$(inherited)",
					"@executable_path/Frameworks",
				);
				MARKETING_VERSION = 1.0;
				OTHER_LDFLAGS = (
					"$(inherited)",
					"-ObjC",
					"-l\"c++\"",
					"-l\"c++.1\"",
					"-l\"c++abi\"",
					"-l\"iconv\"",
					"-l\"resolv\"",
					"-l\"sqlite3\"",
					"-l\"sqlite3.0\"",
					"-l\"xml2\"",
					"-l\"z\"",
					"\"AMapFoundationKit\"",
					"-framework",
					"\"AMapSearchKit\"",
					"-framework",
					"\"APMUtils\"",
					"-framework",
					"\"APNGKit\"",
					"-framework",
					"\"AVFoundation\"",
					"-framework",
					"\"Accelerate\"",
					"-framework",
					"\"Alamofire\"",
					"-framework",
					"\"AlicloudSender\"",
					"-framework",
					"\"AlicloudUtils\"",
					"-framework",
					"\"AlipaySDK\"",
					"-framework",
					"\"AliyunIdentityFace\"",
					"-framework",
					"\"AliyunIdentityOcr\"",
					"-framework",
					"\"AliyunIdentityPlatform\"",
					"-framework",
					"\"AliyunIdentityUtils\"",
					"-framework",
					"\"AliyunOSSiOS\"",
					"-framework",
					"\"Ares\"",
					"-framework",
					"\"AssetsLibrary\"",
					"-framework",
					"\"AudioToolbox\"",
					"-framework",
					"\"BMBase\"",
					"-framework",
					"\"BMCharge\"",
					"-framework",
					"\"BMKit\"",
					"-framework",
					"\"BMModel\"",
					"-framework",
					"\"BMNetworking\"",
					"-framework",
					"\"BarrageRenderer\"",
					"-framework",
					"\"CCBNetPaySDK\"",
					"-framework",
					"\"CFNetwork\"",
					"-framework",
					"\"CMBSDK\"",
					"-framework",
					"\"CTMediator\"",
					"-framework",
					"\"Cache\"",
					"-framework",
					"\"CloudPushSDK\"",
					"-framework",
					"\"CocoaLumberjack\"",
					"-framework",
					"\"Combine\"",
					"-framework",
					"\"Cordova\"",
					"-framework",
					"\"CoreBluetooth\"",
					"-framework",
					"\"CoreFoundation\"",
					"-framework",
					"\"CoreGraphics\"",
					"-framework",
					"\"CoreImage\"",
					"-framework",
					"\"CoreLocation\"",
					"-framework",
					"\"CoreMedia\"",
					"-framework",
					"\"CoreMotion\"",
					"-framework",
					"\"CoreServices\"",
					"-framework",
					"\"CoreTelephony\"",
					"-framework",
					"\"CoreText\"",
					"-framework",
					"\"CryptoSwift\"",
					"-framework",
					"\"DZNEmptyDataSet\"",
					"-framework",
					"\"Delegate\"",
					"-framework",
					"\"DeviceKit\"",
					"-framework",
					"\"EAccountApiSDK\"",
					"-framework",
					"\"EMASRest\"",
					"-framework",
					"\"Foundation\"",
					"-framework",
					"\"GLKit\"",
					"-framework",
					"\"GrowingAnalytics\"",
					"-framework",
					"\"GrowingAnalytics_cdp\"",
					"-framework",
					"\"HXPhotoPicker\"",
					"-framework",
					"\"ICBCPaySDK\"",
					"-framework",
					"\"ImageIO\"",
					"-framework",
					"\"IngeekDK\"",
					"-framework",
					"\"JTAppleCalendar\"",
					"-framework",
					"\"JXPhotoBrowser\"",
					"-framework",
					"\"JXSegmentedView\"",
					"-framework",
					"\"JavaScriptCore\"",
					"-framework",
					"\"Kingfisher\"",
					"-framework",
					"\"LAPM\"",
					"-framework",
					"\"LAddressComponents\"",
					"-framework",
					"\"LAftersale\"",
					"-framework",
					"\"LBase\"",
					"-framework",
					"\"LBaseModel\"",
					"-framework",
					"\"LBluetoothRelease\"",
					"-framework",
					"\"LCSOP\"",
					"-framework",
					"\"LChat\"",
					"-framework",
					"\"LCocoaDebug\"",
					"-framework",
					"\"LCombineExtension\"",
					"-framework",
					"\"LConfig\"",
					"-framework",
					"\"LEventTracking\"",
					"-framework",
					"\"LExtension\"",
					"-framework",
					"\"LFileManager\"",
					"-framework",
					"\"LGO\"",
					"-framework",
					"\"LKVAlfred\"",
					"-framework",
					"\"LLocation\"",
					"-framework",
					"\"LLogger\"",
					"-framework",
					"\"LLogin\"",
					"-framework",
					"\"LMediator\"",
					"-framework",
					"\"LMine\"",
					"-framework",
					"\"LNetworkService\"",
					"-framework",
					"\"LPay\"",
					"-framework",
					"\"LPermissions\"",
					"-framework",
					"\"LPhotoManager\"",
					"-framework",
					"\"LPresale\"",
					"-framework",
					"\"LUI\"",
					"-framework",
					"\"LUrlResolver\"",
					"-framework",
					"\"LUser\"",
					"-framework",
					"\"LVehicle\"",
					"-framework",
					"\"LWebsocket\"",
					"-framework",
					"\"L_AMLeaksFinder\"",
					"-framework",
					"\"LookinServer\"",
					"-framework",
					"\"Lottie\"",
					"-framework",
					"\"M80AttributedLabel\"",
					"-framework",
					"\"MADCore\"",
					"-framework",
					"\"MAMapKit\"",
					"-framework",
					"\"MBProgressHUD\"",
					"-framework",
					"\"MJRefresh\"",
					"-framework",
					"\"MQTTClient\"",
					"-framework",
					"\"MapKit\"",
					"-framework",
					"\"MobileCoreServices\"",
					"-framework",
					"\"NELPGslb\"",
					"-framework",
					"\"NELivePlayerFramework\"",
					"-framework",
					"\"NIMNOS\"",
					"-framework",
					"\"NIMSDK\"",
					"-framework",
					"\"OAuth\"",
					"-framework",
					"\"OneKit\"",
					"-framework",
					"\"OpenBankSDK\"",
					"-framework",
					"\"OpenGLES\"",
					"-framework",
					"\"Photos\"",
					"-framework",
					"\"PhotosUI\"",
					"-framework",
					"\"Protobuf\"",
					"-framework",
					"\"QMUIKit\"",
					"-framework",
					"\"QuartzCore\"",
					"-framework",
					"\"RARegisterKit\"",
					"-framework",
					"\"RangersAPM\"",
					"-framework",
					"\"Realm\"",
					"-framework",
					"\"RealmSwift\"",
					"-framework",
					"\"Rswift\"",
					"-framework",
					"\"RtsSDK\"",
					"-framework",
					"\"RxCocoa\"",
					"-framework",
					"\"RxRelay\"",
					"-framework",
					"\"RxSwift\"",
					"-framework",
					"\"SDWebImage\"",
					"-framework",
					"\"SSZipArchive\"",
					"-framework",
					"\"SVGAPlayer\"",
					"-framework",
					"\"Security\"",
					"-framework",
					"\"SnapKit\"",
					"-framework",
					"\"SwiftyJSON\"",
					"-framework",
					"\"SwiftyUserDefaults\"",
					"-framework",
					"\"SystemConfiguration\"",
					"-framework",
					"\"TYRZUISDK\"",
					"-framework",
					"\"Toast\"",
					"-framework",
					"\"Toast_Swift\"",
					"-framework",
					"\"ToygerService\"",
					"-framework",
					"\"UIKit\"",
					"-framework",
					"\"UIView_Shimmer\"",
					"-framework",
					"\"UTDID\"",
					"-framework",
					"\"UTMini\"",
					"-framework",
					"\"UnityFramework\"",
					"-framework",
					"\"VideoToolbox\"",
					"-framework",
					"\"WatchConnectivity\"",
					"-framework",
					"\"WebKit\"",
					"-framework",
					"\"XALoginSDK\"",
					"-framework",
					"\"XMedia\"",
					"-framework",
					"\"YYKit\"",
					"-framework",
					"\"ZIPFoundation\"",
					"-framework",
					"\"account_login_sdk_noui_core\"",
					"-framework",
					"\"banksPaySDK\"",
					"-framework",
					"\"deviceiOS\"",
					"-framework",
					"\"dsBridge\"",
					"-framework",
					"\"l_mapKit_iOS\"",
					"-framework",
					"\"l_video_ios\"",
					"-framework",
					"\"l_zebra_sdk_ios\"",
					"-framework",
					"\"libpag\"",
					"-framework",
					"\"swiftScan\"",
					"-framework",
					"\"xNN\"",
					"-weak_framework",
					"\"Combine\"",
					"-weak_framework",
					"\"MetricKit\"",
					"-weak_framework",
					"\"SwiftUI\"",
				);
				PRODUCT_BUNDLE_IDENTIFIER = com.cocoapods.cn.CocoaPodsLocal;
				PRODUCT_NAME = "$(TARGET_NAME)";
				SUPPORTED_PLATFORMS = "iphoneos iphonesimulator";
				SUPPORTS_MACCATALYST = NO;
				SUPPORTS_MAC_DESIGNED_FOR_IPHONE_IPAD = NO;
				SWIFT_EMIT_LOC_STRINGS = YES;
				SWIFT_VERSION = 5.0;
				TARGETED_DEVICE_FAMILY = 1;
			};
			name = Release;
		};
		388E1998291241FD001598E0 /* Debug */ = {
			isa = XCBuildConfiguration;
			buildSettings = {
				ALWAYS_EMBED_SWIFT_STANDARD_LIBRARIES = YES;
				BUNDLE_LOADER = "$(TEST_HOST)";
				CODE_SIGN_STYLE = Automatic;
				CURRENT_PROJECT_VERSION = 1;
				DEVELOPMENT_TEAM = J75J67B67V;
				GENERATE_INFOPLIST_FILE = YES;
				IPHONEOS_DEPLOYMENT_TARGET = 16.1;
				MARKETING_VERSION = 1.0;
				PRODUCT_BUNDLE_IDENTIFIER = com.cocoapods.cn.CocoaPodsLocalTests;
				PRODUCT_NAME = "$(TARGET_NAME)";
				SWIFT_EMIT_LOC_STRINGS = NO;
				SWIFT_VERSION = 5.0;
				TARGETED_DEVICE_FAMILY = "1,2";
				TEST_HOST = "$(BUILT_PRODUCTS_DIR)/CocoaPodsLocal.app/$(BUNDLE_EXECUTABLE_FOLDER_PATH)/CocoaPodsLocal";
			};
			name = Debug;
		};
		388E1999291241FD001598E0 /* Release */ = {
			isa = XCBuildConfiguration;
			buildSettings = {
				ALWAYS_EMBED_SWIFT_STANDARD_LIBRARIES = YES;
				BUNDLE_LOADER = "$(TEST_HOST)";
				CODE_SIGN_STYLE = Automatic;
				CURRENT_PROJECT_VERSION = 1;
				DEVELOPMENT_TEAM = J75J67B67V;
				GENERATE_INFOPLIST_FILE = YES;
				IPHONEOS_DEPLOYMENT_TARGET = 16.1;
				MARKETING_VERSION = 1.0;
				PRODUCT_BUNDLE_IDENTIFIER = com.cocoapods.cn.CocoaPodsLocalTests;
				PRODUCT_NAME = "$(TARGET_NAME)";
				SWIFT_EMIT_LOC_STRINGS = NO;
				SWIFT_VERSION = 5.0;
				TARGETED_DEVICE_FAMILY = "1,2";
				TEST_HOST = "$(BUILT_PRODUCTS_DIR)/CocoaPodsLocal.app/$(BUNDLE_EXECUTABLE_FOLDER_PATH)/CocoaPodsLocal";
			};
			name = Release;
		};
		388E199B291241FD001598E0 /* Debug */ = {
			isa = XCBuildConfiguration;
			buildSettings = {
				ALWAYS_EMBED_SWIFT_STANDARD_LIBRARIES = YES;
				CODE_SIGN_STYLE = Automatic;
				CURRENT_PROJECT_VERSION = 1;
				DEVELOPMENT_TEAM = J75J67B67V;
				GENERATE_INFOPLIST_FILE = YES;
				MARKETING_VERSION = 1.0;
				PRODUCT_BUNDLE_IDENTIFIER = com.cocoapods.cn.CocoaPodsLocalUITests;
				PRODUCT_NAME = "$(TARGET_NAME)";
				SWIFT_EMIT_LOC_STRINGS = NO;
				SWIFT_VERSION = 5.0;
				TARGETED_DEVICE_FAMILY = "1,2";
				TEST_TARGET_NAME = CocoaPodsLocal;
			};
			name = Debug;
		};
		388E199C291241FD001598E0 /* Release */ = {
			isa = XCBuildConfiguration;
			buildSettings = {
				ALWAYS_EMBED_SWIFT_STANDARD_LIBRARIES = YES;
				CODE_SIGN_STYLE = Automatic;
				CURRENT_PROJECT_VERSION = 1;
				DEVELOPMENT_TEAM = J75J67B67V;
				GENERATE_INFOPLIST_FILE = YES;
				MARKETING_VERSION = 1.0;
				PRODUCT_BUNDLE_IDENTIFIER = com.cocoapods.cn.CocoaPodsLocalUITests;
				PRODUCT_NAME = "$(TARGET_NAME)";
				SWIFT_EMIT_LOC_STRINGS = NO;
				SWIFT_VERSION = 5.0;
				TARGETED_DEVICE_FAMILY = "1,2";
				TEST_TARGET_NAME = CocoaPodsLocal;
			};
			name = Release;
		};
		388E199D291243F9001598E0 /* PreRelease */ = {
			isa = XCBuildConfiguration;
			buildSettings = {
				ALWAYS_SEARCH_USER_PATHS = NO;
				CLANG_ANALYZER_NONNULL = YES;
				CLANG_ANALYZER_NUMBER_OBJECT_CONVERSION = YES_AGGRESSIVE;
				CLANG_CXX_LANGUAGE_STANDARD = "gnu++20";
				CLANG_ENABLE_MODULES = YES;
				CLANG_ENABLE_OBJC_ARC = YES;
				CLANG_ENABLE_OBJC_WEAK = YES;
				CLANG_WARN_BLOCK_CAPTURE_AUTORELEASING = YES;
				CLANG_WARN_BOOL_CONVERSION = YES;
				CLANG_WARN_COMMA = YES;
				CLANG_WARN_CONSTANT_CONVERSION = YES;
				CLANG_WARN_DEPRECATED_OBJC_IMPLEMENTATIONS = YES;
				CLANG_WARN_DIRECT_OBJC_ISA_USAGE = YES_ERROR;
				CLANG_WARN_DOCUMENTATION_COMMENTS = YES;
				CLANG_WARN_EMPTY_BODY = YES;
				CLANG_WARN_ENUM_CONVERSION = YES;
				CLANG_WARN_INFINITE_RECURSION = YES;
				CLANG_WARN_INT_CONVERSION = YES;
				CLANG_WARN_NON_LITERAL_NULL_CONVERSION = YES;
				CLANG_WARN_OBJC_IMPLICIT_RETAIN_SELF = YES;
				CLANG_WARN_OBJC_LITERAL_CONVERSION = YES;
				CLANG_WARN_OBJC_ROOT_CLASS = YES_ERROR;
				CLANG_WARN_QUOTED_INCLUDE_IN_FRAMEWORK_HEADER = YES;
				CLANG_WARN_RANGE_LOOP_ANALYSIS = YES;
				CLANG_WARN_STRICT_PROTOTYPES = YES;
				CLANG_WARN_SUSPICIOUS_MOVE = YES;
				CLANG_WARN_UNGUARDED_AVAILABILITY = YES_AGGRESSIVE;
				CLANG_WARN_UNREACHABLE_CODE = YES;
				CLANG_WARN__DUPLICATE_METHOD_MATCH = YES;
				COPY_PHASE_STRIP = NO;
				DEBUG_INFORMATION_FORMAT = dwarf;
				ENABLE_STRICT_OBJC_MSGSEND = YES;
				ENABLE_TESTABILITY = YES;
				GCC_C_LANGUAGE_STANDARD = gnu11;
				GCC_DYNAMIC_NO_PIC = NO;
				GCC_NO_COMMON_BLOCKS = YES;
				GCC_OPTIMIZATION_LEVEL = 0;
				GCC_PREPROCESSOR_DEFINITIONS = (
					"DEBUG=1",
					"$(inherited)",
				);
				GCC_WARN_64_TO_32_BIT_CONVERSION = YES;
				GCC_WARN_ABOUT_RETURN_TYPE = YES_ERROR;
				GCC_WARN_UNDECLARED_SELECTOR = YES;
				GCC_WARN_UNINITIALIZED_AUTOS = YES_AGGRESSIVE;
				GCC_WARN_UNUSED_FUNCTION = YES;
				GCC_WARN_UNUSED_VARIABLE = YES;
				IPHONEOS_DEPLOYMENT_TARGET = 13.0;
				MTL_ENABLE_DEBUG_INFO = INCLUDE_SOURCE;
				MTL_FAST_MATH = YES;
				ONLY_ACTIVE_ARCH = YES;
				SDKROOT = iphoneos;
				SWIFT_ACTIVE_COMPILATION_CONDITIONS = DEBUG;
				SWIFT_OPTIMIZATION_LEVEL = "-Onone";
			};
			name = PreRelease;
		};
		388E199E291243F9001598E0 /* PreRelease */ = {
			isa = XCBuildConfiguration;
			baseConfigurationReference = ED39FA78C5468E287EA0801D /* Pods-CocoaPodsLocal.prerelease.xcconfig */;
			buildSettings = {
				ASSETCATALOG_COMPILER_APPICON_NAME = AppIcon;
				ASSETCATALOG_COMPILER_GLOBAL_ACCENT_COLOR_NAME = AccentColor;
				CODE_SIGN_STYLE = Automatic;
				CURRENT_PROJECT_VERSION = 1;
				DEVELOPMENT_TEAM = J75J67B67V;
				GENERATE_INFOPLIST_FILE = YES;
				INFOPLIST_FILE = CocoaPodsLocal/Info.plist;
				INFOPLIST_KEY_UIApplicationSupportsIndirectInputEvents = YES;
				INFOPLIST_KEY_UILaunchStoryboardName = LaunchScreen;
				INFOPLIST_KEY_UIMainStoryboardFile = Main;
				INFOPLIST_KEY_UISupportedInterfaceOrientations_iPad = "UIInterfaceOrientationPortrait UIInterfaceOrientationPortraitUpsideDown UIInterfaceOrientationLandscapeLeft UIInterfaceOrientationLandscapeRight";
				INFOPLIST_KEY_UISupportedInterfaceOrientations_iPhone = "UIInterfaceOrientationPortrait UIInterfaceOrientationLandscapeLeft UIInterfaceOrientationLandscapeRight";
				LD_RUNPATH_SEARCH_PATHS = (
					"$(inherited)",
					"@executable_path/Frameworks",
				);
				MARKETING_VERSION = 1.0;
				OTHER_LDFLAGS = (
					"$(inherited)",
					"-ObjC",
					"-l\"c++\"",
					"-l\"c++.1\"",
					"-l\"c++abi\"",
					"-l\"iconv\"",
					"-l\"resolv\"",
					"-l\"sqlite3\"",
					"-l\"sqlite3.0\"",
					"-l\"xml2\"",
					"-l\"z\"",
					"-framework",
					"-framework",
					"\"AMapFoundationKit\"",
					"-framework",
					"\"AMapSearchKit\"",
					"-framework",
					"\"APMUtils\"",
					"-framework",
					"\"APNGKit\"",
					"-framework",
					"\"AVFoundation\"",
					"-framework",
					"\"Accelerate\"",
					"-framework",
					"\"Alamofire\"",
					"-framework",
					"\"AlicloudSender\"",
					"-framework",
					"\"AlicloudUtils\"",
					"-framework",
					"\"AlipaySDK\"",
					"-framework",
					"\"AliyunIdentityFace\"",
					"-framework",
					"\"AliyunIdentityOcr\"",
					"-framework",
					"\"AliyunIdentityPlatform\"",
					"-framework",
					"\"AliyunIdentityUtils\"",
					"-framework",
					"\"AliyunOSSiOS\"",
					"-framework",
					"\"Ares\"",
					"-framework",
					"\"AssetsLibrary\"",
					"-framework",
					"\"AudioToolbox\"",
					"-framework",
					"\"BMBase\"",
					"-framework",
					"\"BMCharge\"",
					"-framework",
					"\"BMKit\"",
					"-framework",
					"\"BMModel\"",
					"-framework",
					"\"BMNetworking\"",
					"-framework",
					"\"BarrageRenderer\"",
					"-framework",
					"\"CCBNetPaySDK\"",
					"-framework",
					"\"CFNetwork\"",
					"-framework",
					"\"CMBSDK\"",
					"-framework",
					"\"CTMediator\"",
					"-framework",
					"\"Cache\"",
					"-framework",
					"\"CloudPushSDK\"",
					"-framework",
					"\"CocoaLumberjack\"",
					"-framework",
					"\"Combine\"",
					"-framework",
					"\"Cordova\"",
					"-framework",
					"\"CoreBluetooth\"",
					"-framework",
					"\"CoreFoundation\"",
					"-framework",
					"\"CoreGraphics\"",
					"-framework",
					"\"CoreImage\"",
					"-framework",
					"\"CoreLocation\"",
					"-framework",
					"\"CoreMedia\"",
					"-framework",
					"\"CoreMotion\"",
					"-framework",
					"\"CoreServices\"",
					"-framework",
					"\"CoreTelephony\"",
					"-framework",
					"\"CoreText\"",
					"-framework",
					"\"CryptoSwift\"",
					"-framework",
					"\"DZNEmptyDataSet\"",
					"-framework",
					"\"Delegate\"",
					"-framework",
					"\"DeviceKit\"",
					"-framework",
					"\"EAccountApiSDK\"",
					"-framework",
					"\"EMASRest\"",
					"-framework",
					"\"Foundation\"",
					"-framework",
					"\"GLKit\"",
					"-framework",
					"\"GrowingAnalytics\"",
					"-framework",
					"\"GrowingAnalytics_cdp\"",
					"-framework",
					"\"HXPhotoPicker\"",
					"-framework",
					"\"ICBCPaySDK\"",
					"-framework",
					"\"ImageIO\"",
					"-framework",
					"\"IngeekDK\"",
					"-framework",
					"\"JTAppleCalendar\"",
					"-framework",
					"\"JXPhotoBrowser\"",
					"-framework",
					"\"JXSegmentedView\"",
					"-framework",
					"\"JavaScriptCore\"",
					"-framework",
					"\"Kingfisher\"",
					"-framework",
					"\"LAPM\"",
					"-framework",
					"\"LAddressComponents\"",
					"-framework",
					"\"LAftersale\"",
					"-framework",
					"\"LBase\"",
					"-framework",
					"\"LBaseModel\"",
					"-framework",
					"\"LBluetoothRelease\"",
					"-framework",
					"\"LCSOP\"",
					"-framework",
					"\"LChat\"",
					"-framework",
					"\"LCocoaDebug\"",
					"-framework",
					"\"LCombineExtension\"",
					"-framework",
					"\"LConfig\"",
					"-framework",
					"\"LDebugService\"",
					"-framework",
					"\"LEventTracking\"",
					"-framework",
					"\"LExtension\"",
					"-framework",
					"\"LFileManager\"",
					"-framework",
					"\"LGO\"",
					"-framework",
					"\"LKVAlfred\"",
					"-framework",
					"\"LLocation\"",
					"-framework",
					"\"LLogger\"",
					"-framework",
					"\"LLogin\"",
					"-framework",
					"\"LMediator\"",
					"-framework",
					"\"LMine\"",
					"-framework",
					"\"LNetworkService\"",
					"-framework",
					"\"LPay\"",
					"-framework",
					"\"LPermissions\"",
					"-framework",
					"\"LPhotoManager\"",
					"-framework",
					"\"LPresale\"",
					"-framework",
					"\"LUI\"",
					"-framework",
					"\"LUrlResolver\"",
					"-framework",
					"\"LUser\"",
					"-framework",
					"\"LVehicle\"",
					"-framework",
					"\"LWebsocket\"",
					"-framework",
					"\"L_AMLeaksFinder\"",
					"-framework",
					"\"LookinServer\"",
					"-framework",
					"\"Lottie\"",
					"-framework",
					"\"M80AttributedLabel\"",
					"-framework",
					"\"MADCore\"",
					"-framework",
					"\"MAMapKit\"",
					"-framework",
					"\"MBProgressHUD\"",
					"-framework",
					"\"MJRefresh\"",
					"-framework",
					"\"MQTTClient\"",
					"-framework",
					"\"MapKit\"",
					"-framework",
					"\"MobileCoreServices\"",
					"-framework",
					"\"NELPGslb\"",
					"-framework",
					"\"NELivePlayerFramework\"",
					"-framework",
					"\"NIMNOS\"",
					"-framework",
					"\"NIMSDK\"",
					"-framework",
					"\"OAuth\"",
					"-framework",
					"\"OneKit\"",
					"-framework",
					"\"OpenBankSDK\"",
					"-framework",
					"\"OpenGLES\"",
					"-framework",
					"\"Photos\"",
					"-framework",
					"\"PhotosUI\"",
					"-framework",
					"\"Protobuf\"",
					"-framework",
					"\"QMUIKit\"",
					"-framework",
					"\"QuartzCore\"",
					"-framework",
					"\"RARegisterKit\"",
					"-framework",
					"\"RangersAPM\"",
					"-framework",
					"\"Realm\"",
					"-framework",
					"\"RealmSwift\"",
					"-framework",
					"\"Rswift\"",
					"-framework",
					"\"RtsSDK\"",
					"-framework",
					"\"RxCocoa\"",
					"-framework",
					"\"RxRelay\"",
					"-framework",
					"\"RxSwift\"",
					"-framework",
					"\"SDWebImage\"",
					"-framework",
					"\"SSZipArchive\"",
					"-framework",
					"\"SVGAPlayer\"",
					"-framework",
					"\"Security\"",
					"-framework",
					"\"SnapKit\"",
					"-framework",
					"\"SwiftyJSON\"",
					"-framework",
					"\"SwiftyUserDefaults\"",
					"-framework",
					"\"SystemConfiguration\"",
					"-framework",
					"\"TYRZUISDK\"",
					"-framework",
					"\"Toast\"",
					"-framework",
					"\"Toast_Swift\"",
					"-framework",
					"\"ToygerService\"",
					"-framework",
					"\"UIKit\"",
					"-framework",
					"\"UIView_Shimmer\"",
					"-framework",
					"\"UTDID\"",
					"-framework",
					"\"UTMini\"",
					"-framework",
					"\"UnityFramework\"",
					"-framework",
					"\"VideoToolbox\"",
					"-framework",
					"\"WatchConnectivity\"",
					"-framework",
					"\"WebKit\"",
					"-framework",
					"\"XALoginSDK\"",
					"-framework",
					"\"XMedia\"",
					"-framework",
					"\"YYKit\"",
					"-framework",
					"\"ZIPFoundation\"",
					"-framework",
					"\"account_login_sdk_noui_core\"",
					"-framework",
					"\"banksPaySDK\"",
					"-framework",
					"\"deviceiOS\"",
					"-framework",
					"\"dsBridge\"",
					"-framework",
					"\"l_mapKit_iOS\"",
					"-framework",
					"\"l_video_ios\"",
					"-framework",
					"\"l_zebra_sdk_ios\"",
					"-framework",
					"\"libpag\"",
					"-framework",
					"\"swiftScan\"",
					"-framework",
					"\"xNN\"",
					"-weak_framework",
					"\"Combine\"",
					"-weak_framework",
					"\"MetricKit\"",
					"-weak_framework",
					"\"SwiftUI\"",
				);
				PRODUCT_BUNDLE_IDENTIFIER = com.cocoapods.cn.CocoaPodsLocal;
				PRODUCT_NAME = "$(TARGET_NAME)";
				SUPPORTED_PLATFORMS = "iphoneos iphonesimulator";
				SUPPORTS_MACCATALYST = NO;
				SUPPORTS_MAC_DESIGNED_FOR_IPHONE_IPAD = NO;
				SWIFT_EMIT_LOC_STRINGS = YES;
				SWIFT_VERSION = 5.0;
				TARGETED_DEVICE_FAMILY = 1;
			};
			name = PreRelease;
		};
		388E199F291243F9001598E0 /* PreRelease */ = {
			isa = XCBuildConfiguration;
			buildSettings = {
				ALWAYS_EMBED_SWIFT_STANDARD_LIBRARIES = YES;
				BUNDLE_LOADER = "$(TEST_HOST)";
				CODE_SIGN_STYLE = Automatic;
				CURRENT_PROJECT_VERSION = 1;
				DEVELOPMENT_TEAM = J75J67B67V;
				GENERATE_INFOPLIST_FILE = YES;
				IPHONEOS_DEPLOYMENT_TARGET = 16.1;
				MARKETING_VERSION = 1.0;
				PRODUCT_BUNDLE_IDENTIFIER = com.cocoapods.cn.CocoaPodsLocalTests;
				PRODUCT_NAME = "$(TARGET_NAME)";
				SWIFT_EMIT_LOC_STRINGS = NO;
				SWIFT_VERSION = 5.0;
				TARGETED_DEVICE_FAMILY = "1,2";
				TEST_HOST = "$(BUILT_PRODUCTS_DIR)/CocoaPodsLocal.app/$(BUNDLE_EXECUTABLE_FOLDER_PATH)/CocoaPodsLocal";
			};
			name = PreRelease;
		};
		388E19A0291243F9001598E0 /* PreRelease */ = {
			isa = XCBuildConfiguration;
			buildSettings = {
				ALWAYS_EMBED_SWIFT_STANDARD_LIBRARIES = YES;
				CODE_SIGN_STYLE = Automatic;
				CURRENT_PROJECT_VERSION = 1;
				DEVELOPMENT_TEAM = J75J67B67V;
				GENERATE_INFOPLIST_FILE = YES;
				MARKETING_VERSION = 1.0;
				PRODUCT_BUNDLE_IDENTIFIER = com.cocoapods.cn.CocoaPodsLocalUITests;
				PRODUCT_NAME = "$(TARGET_NAME)";
				SWIFT_EMIT_LOC_STRINGS = NO;
				SWIFT_VERSION = 5.0;
				TARGETED_DEVICE_FAMILY = "1,2";
				TEST_TARGET_NAME = CocoaPodsLocal;
			};
			name = PreRelease;
		};
/* End XCBuildConfiguration section */

/* Begin XCConfigurationList section */
		388E1965291241FC001598E0 /* Build configuration list for PBXProject "CocoaPodsLocal" */ = {
			isa = XCConfigurationList;
			buildConfigurations = (
				388E1992291241FD001598E0 /* Debug */,
				388E199D291243F9001598E0 /* PreRelease */,
				388E1993291241FD001598E0 /* Release */,
			);
			defaultConfigurationIsVisible = 0;
			defaultConfigurationName = Release;
		};
		388E1994291241FD001598E0 /* Build configuration list for PBXNativeTarget "CocoaPodsLocal" */ = {
			isa = XCConfigurationList;
			buildConfigurations = (
				388E1995291241FD001598E0 /* Debug */,
				388E199E291243F9001598E0 /* PreRelease */,
				388E1996291241FD001598E0 /* Release */,
			);
			defaultConfigurationIsVisible = 0;
			defaultConfigurationName = Release;
		};
		388E1997291241FD001598E0 /* Build configuration list for PBXNativeTarget "CocoaPodsLocalTests" */ = {
			isa = XCConfigurationList;
			buildConfigurations = (
				388E1998291241FD001598E0 /* Debug */,
				388E199F291243F9001598E0 /* PreRelease */,
				388E1999291241FD001598E0 /* Release */,
			);
			defaultConfigurationIsVisible = 0;
			defaultConfigurationName = Release;
		};
		388E199A291241FD001598E0 /* Build configuration list for PBXNativeTarget "CocoaPodsLocalUITests" */ = {
			isa = XCConfigurationList;
			buildConfigurations = (
				388E199B291241FD001598E0 /* Debug */,
				388E19A0291243F9001598E0 /* PreRelease */,
				388E199C291241FD001598E0 /* Release */,
			);
			defaultConfigurationIsVisible = 0;
			defaultConfigurationName = Release;
		};
/* End XCConfigurationList section */
	};
	rootObject = 388E1962291241FC001598E0 /* Project object */;
}
